
Microsoft Visual Studio Solution File, Format Version 12.00
# Visual Studio Version 16
VisualStudioVersion = 16.0.31702.278
MinimumVisualStudioVersion = 10.0.40219.1
Project("{9A19103F-16F7-4668-BE54-9A1E7A4F7556}") = "DataAccessLayer", "DataAccessLayer\DataAccessLayer.csproj", "{5749E006-D74A-40C0-840A-78FDB0B987FB}"
EndProject
Project("{9A19103F-16F7-4668-BE54-9A1E7A4F7556}") = "DTO", "DTO\DTO.csproj", "{9E250C76-196E-42AA-B82D-874605547133}"
EndProject
Project("{9A19103F-16F7-4668-BE54-9A1E7A4F7556}") = "BLL", "BLL\BLL.csproj", "{F24B2F94-3C65-4331-88B5-535E33CE750F}"
EndProject
Project("{9A19103F-16F7-4668-BE54-9A1E7A4F7556}") = "WebApp", "WebApp\WebApp.csproj", "{AB7D1DFC-65A3-43F8-986D-1581EABEABC3}"
EndProject
Global
	GlobalSection(SolutionConfigurationPlatforms) = preSolution
		Debug|Any CPU = Debug|Any CPU
		Release|Any CPU = Release|Any CPU
	EndGlobalSection
	GlobalSection(ProjectConfigurationPlatforms) = postSolution
		{5749E006-D74A-40C0-840A-78FDB0B987FB}.Debug|Any CPU.ActiveCfg = Debug|Any CPU
		{5749E006-D74A-40C0-840A-78FDB0B987FB}.Debug|Any CPU.Build.0 = Debug|Any CPU
		{5749E006-D74A-40C0-840A-78FDB0B987FB}.Release|Any CPU.ActiveCfg = Release|Any CPU
		{5749E006-D74A-40C0-840A-78FDB0B987FB}.Release|Any CPU.Build.0 = Release|Any CPU
		{9E250C76-196E-42AA-B82D-874605547133}.Debug|Any CPU.ActiveCfg = Debug|Any CPU
		{9E250C76-196E-42AA-B82D-874605547133}.Debug|Any CPU.Build.0 = Debug|Any CPU
		{9E250C76-196E-42AA-B82D-874605547133}.Release|Any CPU.ActiveCfg = Release|Any CPU
		{9E250C76-196E-42AA-B82D-874605547133}.Release|Any CPU.Build.0 = Release|Any CPU
		{F24B2F94-3C65-4331-88B5-535E33CE750F}.Debug|Any CPU.ActiveCfg = Debug|Any CPU
		{F24B2F94-3C65-4331-88B5-535E33CE750F}.Debug|Any CPU.Build.0 = Debug|Any CPU
		{F24B2F94-3C65-4331-88B5-535E33CE750F}.Release|Any CPU.ActiveCfg = Release|Any CPU
		{F24B2F94-3C65-4331-88B5-535E33CE750F}.Release|Any CPU.Build.0 = Release|Any CPU
		{AB7D1DFC-65A3-43F8-986D-1581EABEABC3}.Debug|Any CPU.ActiveCfg = Debug|Any CPU
		{AB7D1DFC-65A3-43F8-986D-1581EABEABC3}.Debug|Any CPU.Build.0 = Debug|Any CPU
		{AB7D1DFC-65A3-43F8-986D-1581EABEABC3}.Release|Any CPU.ActiveCfg = Release|Any CPU
		{AB7D1DFC-65A3-43F8-986D-1581EABEABC3}.Release|Any CPU.Build.0 = Release|Any CPU
	EndGlobalSection
	GlobalSection(SolutionProperties) = preSolution
		HideSolutionNode = FALSE
	EndGlobalSection
	GlobalSection(ExtensibilityGlobals) = postSolution
		SolutionGuid = {B59C5009-43CE-4C03-89DE-D5C591916F2F}
	EndGlobalSection
EndGlobal
