
Microsoft Visual Studio Solution File, Format Version 12.00
# Visual Studio Version 16
VisualStudioVersion = 16.0.31702.278
MinimumVisualStudioVersion = 10.0.40219.1
Project("{9A19103F-16F7-4668-BE54-9A1E7A4F7556}") = "DataAccessLayer", "DataAccessLayer\DataAccessLayer.csproj", "{5749E006-D74A-40C0-840A-78FDB0B987FB}"
EndProject
Project("{FAE04EC0-301F-11D3-BF4B-00C04F79EFBC}") = "ConsoleApp", "ConsoleApp\ConsoleApp.csproj", "{B172B456-82BC-4127-8F74-DCEBBC82AA8C}"
EndProject
Global
	GlobalSection(SolutionConfigurationPlatforms) = preSolution
		Debug|Any CPU = Debug|Any CPU
		Release|Any CPU = Release|Any CPU
	EndGlobalSection
	GlobalSection(ProjectConfigurationPlatforms) = postSolution
		{5749E006-D74A-40C0-840A-78FDB0B987FB}.Debug|Any CPU.ActiveCfg = Debug|Any CPU
		{5749E006-D74A-40C0-840A-78FDB0B987FB}.Debug|Any CPU.Build.0 = Debug|Any CPU
		{5749E006-D74A-40C0-840A-78FDB0B987FB}.Release|Any CPU.ActiveCfg = Release|Any CPU
		{5749E006-D74A-40C0-840A-78FDB0B987FB}.Release|Any CPU.Build.0 = Release|Any CPU
		{B172B456-82BC-4127-8F74-DCEBBC82AA8C}.Debug|Any CPU.ActiveCfg = Debug|Any CPU
		{B172B456-82BC-4127-8F74-DCEBBC82AA8C}.Debug|Any CPU.Build.0 = Debug|Any CPU
		{B172B456-82BC-4127-8F74-DCEBBC82AA8C}.Release|Any CPU.ActiveCfg = Release|Any CPU
		{B172B456-82BC-4127-8F74-DCEBBC82AA8C}.Release|Any CPU.Build.0 = Release|Any CPU
	EndGlobalSection
	GlobalSection(SolutionProperties) = preSolution
		HideSolutionNode = FALSE
	EndGlobalSection
	GlobalSection(ExtensibilityGlobals) = postSolution
		SolutionGuid = {B59C5009-43CE-4C03-89DE-D5C591916F2F}
	EndGlobalSection
EndGlobal
